// !$*UTF8*$!
{
	archiveVersion = 1;
	classes = {
	};
	objectVersion = 55;
	objects = {

/* Begin PBXBuildFile section */
		49D545D728186C6700CCC788 /* AppDelegate.swift in Sources */ = {isa = PBXBuildFile; fileRef = 49D545D628186C6700CCC788 /* AppDelegate.swift */; };
		49D545DB28186C6700CCC788 /* FirstTestViewController.swift in Sources */ = {isa = PBXBuildFile; fileRef = 49D545DA28186C6700CCC788 /* FirstTestViewController.swift */; };
		49D545E028186C6800CCC788 /* Assets.xcassets in Resources */ = {isa = PBXBuildFile; fileRef = 49D545DF28186C6800CCC788 /* Assets.xcassets */; };
		49D545E328186C6800CCC788 /* LaunchScreen.storyboard in Resources */ = {isa = PBXBuildFile; fileRef = 49D545E128186C6800CCC788 /* LaunchScreen.storyboard */; };
		49D545EB2818834900CCC788 /* SecondTestViewController.swift in Sources */ = {isa = PBXBuildFile; fileRef = 49D545EA2818834900CCC788 /* SecondTestViewController.swift */; };
		CAF4D9188B8457B2A2A63555 /* Pods_FirstExample26_04_2022.framework in Frameworks */ = {isa = PBXBuildFile; fileRef = BB408D616A09296A63F5ADD2 /* Pods_FirstExample26_04_2022.framework */; };
/* End PBXBuildFile section */

/* Begin PBXFileReference section */
		29AF82BFD41FF60E0C70C5D9 /* Pods-FirstExample26.04.2022.release.xcconfig */ = {isa = PBXFileReference; includeInIndex = 1; lastKnownFileType = text.xcconfig; name = "Pods-FirstExample26.04.2022.release.xcconfig"; path = "Target Support Files/Pods-FirstExample26.04.2022/Pods-FirstExample26.04.2022.release.xcconfig"; sourceTree = "<group>"; };
		49D545D328186C6700CCC788 /* FirstExample.app */ = {isa = PBXFileReference; explicitFileType = wrapper.application; includeInIndex = 0; path = FirstExample.app; sourceTree = BUILT_PRODUCTS_DIR; };
		49D545D628186C6700CCC788 /* AppDelegate.swift */ = {isa = PBXFileReference; lastKnownFileType = sourcecode.swift; path = AppDelegate.swift; sourceTree = "<group>"; };
		49D545DA28186C6700CCC788 /* FirstTestViewController.swift */ = {isa = PBXFileReference; lastKnownFileType = sourcecode.swift; path = FirstTestViewController.swift; sourceTree = "<group>"; };
		49D545DF28186C6800CCC788 /* Assets.xcassets */ = {isa = PBXFileReference; lastKnownFileType = folder.assetcatalog; path = Assets.xcassets; sourceTree = "<group>"; };
		49D545E228186C6800CCC788 /* Base */ = {isa = PBXFileReference; lastKnownFileType = file.storyboard; name = Base; path = Base.lproj/LaunchScreen.storyboard; sourceTree = "<group>"; };
		49D545E428186C6800CCC788 /* Info.plist */ = {isa = PBXFileReference; lastKnownFileType = text.plist.xml; path = Info.plist; sourceTree = "<group>"; };
		49D545EA2818834900CCC788 /* SecondTestViewController.swift */ = {isa = PBXFileReference; lastKnownFileType = sourcecode.swift; path = SecondTestViewController.swift; sourceTree = "<group>"; };
		BB408D616A09296A63F5ADD2 /* Pods_FirstExample26_04_2022.framework */ = {isa = PBXFileReference; explicitFileType = wrapper.framework; includeInIndex = 0; path = Pods_FirstExample26_04_2022.framework; sourceTree = BUILT_PRODUCTS_DIR; };
		F16E1B2C24960B5340F98567 /* Pods-FirstExample26.04.2022.debug.xcconfig */ = {isa = PBXFileReference; includeInIndex = 1; lastKnownFileType = text.xcconfig; name = "Pods-FirstExample26.04.2022.debug.xcconfig"; path = "Target Support Files/Pods-FirstExample26.04.2022/Pods-FirstExample26.04.2022.debug.xcconfig"; sourceTree = "<group>"; };
/* End PBXFileReference section */

/* Begin PBXFrameworksBuildPhase section */
		49D545D028186C6700CCC788 /* Frameworks */ = {
			isa = PBXFrameworksBuildPhase;
			buildActionMask = 2147483647;
			files = (
				CAF4D9188B8457B2A2A63555 /* Pods_FirstExample26_04_2022.framework in Frameworks */,
			);
			runOnlyForDeploymentPostprocessing = 0;
		};
/* End PBXFrameworksBuildPhase section */

/* Begin PBXGroup section */
		3E12471FD5B1FE7141895927 /* Pods */ = {
			isa = PBXGroup;
			children = (
				F16E1B2C24960B5340F98567 /* Pods-FirstExample26.04.2022.debug.xcconfig */,
				29AF82BFD41FF60E0C70C5D9 /* Pods-FirstExample26.04.2022.release.xcconfig */,
			);
			path = Pods;
			sourceTree = "<group>";
		};
		49D545CA28186C6700CCC788 = {
			isa = PBXGroup;
			children = (
				49D545D528186C6700CCC788 /* FirstExample */,
				49D545D428186C6700CCC788 /* Products */,
				3E12471FD5B1FE7141895927 /* Pods */,
				ED8CB18D771C4EEB9DE8675D /* Frameworks */,
			);
			sourceTree = "<group>";
		};
		49D545D428186C6700CCC788 /* Products */ = {
			isa = PBXGroup;
			children = (
				49D545D328186C6700CCC788 /* FirstExample.app */,
			);
			name = Products;
			sourceTree = "<group>";
		};
		49D545D528186C6700CCC788 /* FirstExample */ = {
			isa = PBXGroup;
			children = (
				49D545D628186C6700CCC788 /* AppDelegate.swift */,
				49D545DA28186C6700CCC788 /* FirstTestViewController.swift */,
				49D545EA2818834900CCC788 /* SecondTestViewController.swift */,
				49D545DF28186C6800CCC788 /* Assets.xcassets */,
				49D545E128186C6800CCC788 /* LaunchScreen.storyboard */,
				49D545E428186C6800CCC788 /* Info.plist */,
			);
			path = FirstExample;
			sourceTree = "<group>";
		};
		ED8CB18D771C4EEB9DE8675D /* Frameworks */ = {
			isa = PBXGroup;
			children = (
				BB408D616A09296A63F5ADD2 /* Pods_FirstExample26_04_2022.framework */,
			);
			name = Frameworks;
			sourceTree = "<group>";
		};
/* End PBXGroup section */

/* Begin PBXNativeTarget section */
		49D545D228186C6700CCC788 /* FirstExample */ = {
			isa = PBXNativeTarget;
			buildConfigurationList = 49D545E728186C6800CCC788 /* Build configuration list for PBXNativeTarget "FirstExample" */;
			buildPhases = (
				5894FA6928452B89D5C31F51 /* [CP] Check Pods Manifest.lock */,
				49D545CF28186C6700CCC788 /* Sources */,
				49D545D028186C6700CCC788 /* Frameworks */,
				49D545D128186C6700CCC788 /* Resources */,
				69C3EE22C41A362A11B735D5 /* [CP] Embed Pods Frameworks */,
			);
			buildRules = (
			);
			dependencies = (
			);
			name = FirstExample;
			productName = FirstExample26.04.2022;
			productReference = 49D545D328186C6700CCC788 /* FirstExample.app */;
			productType = "com.apple.product-type.application";
		};
/* End PBXNativeTarget section */

/* Begin PBXProject section */
		49D545CB28186C6700CCC788 /* Project object */ = {
			isa = PBXProject;
			attributes = {
				BuildIndependentTargetsInParallel = 1;
				LastSwiftUpdateCheck = 1300;
				LastUpgradeCheck = 1300;
				TargetAttributes = {
					49D545D228186C6700CCC788 = {
						CreatedOnToolsVersion = 13.0;
					};
				};
			};
			buildConfigurationList = 49D545CE28186C6700CCC788 /* Build configuration list for PBXProject "FirstExample" */;
			compatibilityVersion = "Xcode 13.0";
			developmentRegion = en;
			hasScannedForEncodings = 0;
			knownRegions = (
				en,
				Base,
			);
			mainGroup = 49D545CA28186C6700CCC788;
			productRefGroup = 49D545D428186C6700CCC788 /* Products */;
			projectDirPath = "";
			projectRoot = "";
			targets = (
				49D545D228186C6700CCC788 /* FirstExample */,
			);
		};
/* End PBXProject section */

/* Begin PBXResourcesBuildPhase section */
		49D545D128186C6700CCC788 /* Resources */ = {
			isa = PBXResourcesBuildPhase;
			buildActionMask = 2147483647;
			files = (
				49D545E328186C6800CCC788 /* LaunchScreen.storyboard in Resources */,
				49D545E028186C6800CCC788 /* Assets.xcassets in Resources */,
			);
			runOnlyForDeploymentPostprocessing = 0;
		};
/* End PBXResourcesBuildPhase section */

/* Begin PBXShellScriptBuildPhase section */
		5894FA6928452B89D5C31F51 /* [CP] Check Pods Manifest.lock */ = {
			isa = PBXShellScriptBuildPhase;
			buildActionMask = 2147483647;
			files = (
			);
			inputFileListPaths = (
			);
			inputPaths = (
				"${PODS_PODFILE_DIR_PATH}/Podfile.lock",
				"${PODS_ROOT}/Manifest.lock",
			);
			name = "[CP] Check Pods Manifest.lock";
			outputFileListPaths = (
			);
			outputPaths = (
				"$(DERIVED_FILE_DIR)/Pods-FirstExample26.04.2022-checkManifestLockResult.txt",
			);
			runOnlyForDeploymentPostprocessing = 0;
			shellPath = /bin/sh;
			shellScript = "diff \"${PODS_PODFILE_DIR_PATH}/Podfile.lock\" \"${PODS_ROOT}/Manifest.lock\" > /dev/null\nif [ $? != 0 ] ; then\n    # print error to STDERR\n    echo \"error: The sandbox is not in sync with the Podfile.lock. Run 'pod install' or update your CocoaPods installation.\" >&2\n    exit 1\nfi\n# This output is used by Xcode 'outputs' to avoid re-running this script phase.\necho \"SUCCESS\" > \"${SCRIPT_OUTPUT_FILE_0}\"\n";
			showEnvVarsInLog = 0;
		};
		69C3EE22C41A362A11B735D5 /* [CP] Embed Pods Frameworks */ = {
			isa = PBXShellScriptBuildPhase;
			buildActionMask = 2147483647;
			files = (
			);
			inputFileListPaths = (
				"${PODS_ROOT}/Target Support Files/Pods-FirstExample26.04.2022/Pods-FirstExample26.04.2022-frameworks-${CONFIGURATION}-input-files.xcfilelist",
			);
			name = "[CP] Embed Pods Frameworks";
			outputFileListPaths = (
				"${PODS_ROOT}/Target Support Files/Pods-FirstExample26.04.2022/Pods-FirstExample26.04.2022-frameworks-${CONFIGURATION}-output-files.xcfilelist",
			);
			runOnlyForDeploymentPostprocessing = 0;
			shellPath = /bin/sh;
			shellScript = "\"${PODS_ROOT}/Target Support Files/Pods-FirstExample26.04.2022/Pods-FirstExample26.04.2022-frameworks.sh\"\n";
			showEnvVarsInLog = 0;
		};
/* End PBXShellScriptBuildPhase section */

/* Begin PBXSourcesBuildPhase section */
		49D545CF28186C6700CCC788 /* Sources */ = {
			isa = PBXSourcesBuildPhase;
			buildActionMask = 2147483647;
			files = (
				49D545DB28186C6700CCC788 /* FirstTestViewController.swift in Sources */,
				49D545EB2818834900CCC788 /* SecondTestViewController.swift in Sources */,
				49D545D728186C6700CCC788 /* AppDelegate.swift in Sources */,
			);
			runOnlyForDeploymentPostprocessing = 0;
		};
/* End PBXSourcesBuildPhase section */

/* Begin PBXVariantGroup section */
		49D545E128186C6800CCC788 /* LaunchScreen.storyboard */ = {
			isa = PBXVariantGroup;
			children = (
				49D545E228186C6800CCC788 /* Base */,
			);
			name = LaunchScreen.storyboard;
			sourceTree = "<group>";
		};
/* End PBXVariantGroup section */

/* Begin XCBuildConfiguration section */
		49D545E528186C6800CCC788 /* Debug */ = {
			isa = XCBuildConfiguration;
			buildSettings = {
				ALWAYS_SEARCH_USER_PATHS = NO;
				CLANG_ANALYZER_NONNULL = YES;
				CLANG_ANALYZER_NUMBER_OBJECT_CONVERSION = YES_AGGRESSIVE;
				CLANG_CXX_LANGUAGE_STANDARD = "gnu++17";
				CLANG_CXX_LIBRARY = "libc++";
				CLANG_ENABLE_MODULES = YES;
				CLANG_ENABLE_OBJC_ARC = YES;
				CLANG_ENABLE_OBJC_WEAK = YES;
				CLANG_WARN_BLOCK_CAPTURE_AUTORELEASING = YES;
				CLANG_WARN_BOOL_CONVERSION = YES;
				CLANG_WARN_COMMA = YES;
				CLANG_WARN_CONSTANT_CONVERSION = YES;
				CLANG_WARN_DEPRECATED_OBJC_IMPLEMENTATIONS = YES;
				CLANG_WARN_DIRECT_OBJC_ISA_USAGE = YES_ERROR;
				CLANG_WARN_DOCUMENTATION_COMMENTS = YES;
				CLANG_WARN_EMPTY_BODY = YES;
				CLANG_WARN_ENUM_CONVERSION = YES;
				CLANG_WARN_INFINITE_RECURSION = YES;
				CLANG_WARN_INT_CONVERSION = YES;
				CLANG_WARN_NON_LITERAL_NULL_CONVERSION = YES;
				CLANG_WARN_OBJC_IMPLICIT_RETAIN_SELF = YES;
				CLANG_WARN_OBJC_LITERAL_CONVERSION = YES;
				CLANG_WARN_OBJC_ROOT_CLASS = YES_ERROR;
				CLANG_WARN_QUOTED_INCLUDE_IN_FRAMEWORK_HEADER = YES;
				CLANG_WARN_RANGE_LOOP_ANALYSIS = YES;
				CLANG_WARN_STRICT_PROTOTYPES = YES;
				CLANG_WARN_SUSPICIOUS_MOVE = YES;
				CLANG_WARN_UNGUARDED_AVAILABILITY = YES_AGGRESSIVE;
				CLANG_WARN_UNREACHABLE_CODE = YES;
				CLANG_WARN__DUPLICATE_METHOD_MATCH = YES;
				COPY_PHASE_STRIP = NO;
				DEBUG_INFORMATION_FORMAT = dwarf;
				ENABLE_STRICT_OBJC_MSGSEND = YES;
				ENABLE_TESTABILITY = YES;
				GCC_C_LANGUAGE_STANDARD = gnu11;
				GCC_DYNAMIC_NO_PIC = NO;
				GCC_NO_COMMON_BLOCKS = YES;
				GCC_OPTIMIZATION_LEVEL = 0;
				GCC_PREPROCESSOR_DEFINITIONS = (
					"DEBUG=1",
					"$(inherited)",
				);
				GCC_WARN_64_TO_32_BIT_CONVERSION = YES;
				GCC_WARN_ABOUT_RETURN_TYPE = YES_ERROR;
				GCC_WARN_UNDECLARED_SELECTOR = YES;
				GCC_WARN_UNINITIALIZED_AUTOS = YES_AGGRESSIVE;
				GCC_WARN_UNUSED_FUNCTION = YES;
				GCC_WARN_UNUSED_VARIABLE = YES;
				IPHONEOS_DEPLOYMENT_TARGET = 15.0;
				MTL_ENABLE_DEBUG_INFO = INCLUDE_SOURCE;
				MTL_FAST_MATH = YES;
				ONLY_ACTIVE_ARCH = YES;
				SDKROOT = iphoneos;
				SWIFT_ACTIVE_COMPILATION_CONDITIONS = DEBUG;
				SWIFT_OPTIMIZATION_LEVEL = "-Onone";
			};
			name = Debug;
		};
		49D545E628186C6800CCC788 /* Release */ = {
			isa = XCBuildConfiguration;
			buildSettings = {
				ALWAYS_SEARCH_USER_PATHS = NO;
				CLANG_ANALYZER_NONNULL = YES;
				CLANG_ANALYZER_NUMBER_OBJECT_CONVERSION = YES_AGGRESSIVE;
				CLANG_CXX_LANGUAGE_STANDARD = "gnu++17";
				CLANG_CXX_LIBRARY = "libc++";
				CLANG_ENABLE_MODULES = YES;
				CLANG_ENABLE_OBJC_ARC = YES;
				CLANG_ENABLE_OBJC_WEAK = YES;
				CLANG_WARN_BLOCK_CAPTURE_AUTORELEASING = YES;
				CLANG_WARN_BOOL_CONVERSION = YES;
				CLANG_WARN_COMMA = YES;
				CLANG_WARN_CONSTANT_CONVERSION = YES;
				CLANG_WARN_DEPRECATED_OBJC_IMPLEMENTATIONS = YES;
				CLANG_WARN_DIRECT_OBJC_ISA_USAGE = YES_ERROR;
				CLANG_WARN_DOCUMENTATION_COMMENTS = YES;
				CLANG_WARN_EMPTY_BODY = YES;
				CLANG_WARN_ENUM_CONVERSION = YES;
				CLANG_WARN_INFINITE_RECURSION = YES;
				CLANG_WARN_INT_CONVERSION = YES;
				CLANG_WARN_NON_LITERAL_NULL_CONVERSION = YES;
				CLANG_WARN_OBJC_IMPLICIT_RETAIN_SELF = YES;
				CLANG_WARN_OBJC_LITERAL_CONVERSION = YES;
				CLANG_WARN_OBJC_ROOT_CLASS = YES_ERROR;
				CLANG_WARN_QUOTED_INCLUDE_IN_FRAMEWORK_HEADER = YES;
				CLANG_WARN_RANGE_LOOP_ANALYSIS = YES;
				CLANG_WARN_STRICT_PROTOTYPES = YES;
				CLANG_WARN_SUSPICIOUS_MOVE = YES;
				CLANG_WARN_UNGUARDED_AVAILABILITY = YES_AGGRESSIVE;
				CLANG_WARN_UNREACHABLE_CODE = YES;
				CLANG_WARN__DUPLICATE_METHOD_MATCH = YES;
				COPY_PHASE_STRIP = NO;
				DEBUG_INFORMATION_FORMAT = "dwarf-with-dsym";
				ENABLE_NS_ASSERTIONS = NO;
				ENABLE_STRICT_OBJC_MSGSEND = YES;
				GCC_C_LANGUAGE_STANDARD = gnu11;
				GCC_NO_COMMON_BLOCKS = YES;
				GCC_WARN_64_TO_32_BIT_CONVERSION = YES;
				GCC_WARN_ABOUT_RETURN_TYPE = YES_ERROR;
				GCC_WARN_UNDECLARED_SELECTOR = YES;
				GCC_WARN_UNINITIALIZED_AUTOS = YES_AGGRESSIVE;
				GCC_WARN_UNUSED_FUNCTION = YES;
				GCC_WARN_UNUSED_VARIABLE = YES;
				IPHONEOS_DEPLOYMENT_TARGET = 15.0;
				MTL_ENABLE_DEBUG_INFO = NO;
				MTL_FAST_MATH = YES;
				SDKROOT = iphoneos;
				SWIFT_COMPILATION_MODE = wholemodule;
				SWIFT_OPTIMIZATION_LEVEL = "-O";
				VALIDATE_PRODUCT = YES;
			};
			name = Release;
		};
		49D545E828186C6800CCC788 /* Debug */ = {
			isa = XCBuildConfiguration;
			baseConfigurationReference = F16E1B2C24960B5340F98567 /* Pods-FirstExample26.04.2022.debug.xcconfig */;
			buildSettings = {
				ASSETCATALOG_COMPILER_APPICON_NAME = AppIcon;
				ASSETCATALOG_COMPILER_GLOBAL_ACCENT_COLOR_NAME = AccentColor;
				CODE_SIGN_STYLE = Automatic;
				CURRENT_PROJECT_VERSION = 1;
				GENERATE_INFOPLIST_FILE = YES;
				INFOPLIST_FILE = FirstExample/Info.plist;
				INFOPLIST_KEY_UIApplicationSupportsIndirectInputEvents = YES;
				INFOPLIST_KEY_UILaunchStoryboardName = LaunchScreen;
				INFOPLIST_KEY_UISupportedInterfaceOrientations_iPad = "UIInterfaceOrientationPortrait UIInterfaceOrientationPortraitUpsideDown UIInterfaceOrientationLandscapeLeft UIInterfaceOrientationLandscapeRight";
				INFOPLIST_KEY_UISupportedInterfaceOrientations_iPhone = "UIInterfaceOrientationPortrait UIInterfaceOrientationLandscapeLeft UIInterfaceOrientationLandscapeRight";
				LD_RUNPATH_SEARCH_PATHS = (
					"$(inherited)",
					"@executable_path/Frameworks",
				);
				MARKETING_VERSION = 1.0;
				PRODUCT_BUNDLE_IDENTIFIER = com.murataktas.FirstExample;
				PRODUCT_NAME = "$(TARGET_NAME)";
				SWIFT_EMIT_LOC_STRINGS = YES;
				SWIFT_VERSION = 5.0;
				TARGETED_DEVICE_FAMILY = 1;
			};
			name = Debug;
		};
		49D545E928186C6800CCC788 /* Release */ = {
			isa = XCBuildConfiguration;
			baseConfigurationReference = 29AF82BFD41FF60E0C70C5D9 /* Pods-FirstExample26.04.2022.release.xcconfig */;
			buildSettings = {
				ASSETCATALOG_COMPILER_APPICON_NAME = AppIcon;
				ASSETCATALOG_COMPILER_GLOBAL_ACCENT_COLOR_NAME = AccentColor;
				CODE_SIGN_STYLE = Automatic;
				CURRENT_PROJECT_VERSION = 1;
				GENERATE_INFOPLIST_FILE = YES;
				INFOPLIST_FILE = FirstExample/Info.plist;
				INFOPLIST_KEY_UIApplicationSupportsIndirectInputEvents = YES;
				INFOPLIST_KEY_UILaunchStoryboardName = LaunchScreen;
				INFOPLIST_KEY_UISupportedInterfaceOrientations_iPad = "UIInterfaceOrientationPortrait UIInterfaceOrientationPortraitUpsideDown UIInterfaceOrientationLandscapeLeft UIInterfaceOrientationLandscapeRight";
				INFOPLIST_KEY_UISupportedInterfaceOrientations_iPhone = "UIInterfaceOrientationPortrait UIInterfaceOrientationLandscapeLeft UIInterfaceOrientationLandscapeRight";
				LD_RUNPATH_SEARCH_PATHS = (
					"$(inherited)",
					"@executable_path/Frameworks",
				);
				MARKETING_VERSION = 1.0;
				PRODUCT_BUNDLE_IDENTIFIER = com.murataktas.FirstExample;
				PRODUCT_NAME = "$(TARGET_NAME)";
				SWIFT_EMIT_LOC_STRINGS = YES;
				SWIFT_VERSION = 5.0;
				TARGETED_DEVICE_FAMILY = 1;
			};
			name = Release;
		};
/* End XCBuildConfiguration section */

/* Begin XCConfigurationList section */
		49D545CE28186C6700CCC788 /* Build configuration list for PBXProject "FirstExample" */ = {
			isa = XCConfigurationList;
			buildConfigurations = (
				49D545E528186C6800CCC788 /* Debug */,
				49D545E628186C6800CCC788 /* Release */,
			);
			defaultConfigurationIsVisible = 0;
			defaultConfigurationName = Release;
		};
		49D545E728186C6800CCC788 /* Build configuration list for PBXNativeTarget "FirstExample" */ = {
			isa = XCConfigurationList;
			buildConfigurations = (
				49D545E828186C6800CCC788 /* Debug */,
				49D545E928186C6800CCC788 /* Release */,
			);
			defaultConfigurationIsVisible = 0;
			defaultConfigurationName = Release;
		};
/* End XCConfigurationList section */
	};
	rootObject = 49D545CB28186C6700CCC788 /* Project object */;
}
